
Microsoft Visual Studio Solution File, Format Version 12.00
# Visual Studio Version 16
VisualStudioVersion = 16.0.28531.58
MinimumVisualStudioVersion = 10.0.40219.1
Project("{FAE04EC0-301F-11D3-BF4B-00C04F79EFBC}") = "CSAN-Lab1-cmd", "CSAN-Lab1-cmd\CSAN-Lab1-cmd.csproj", "{B0DC8047-699D-49E4-B23D-723AFD01372D}"
EndProject
Global
	GlobalSection(SolutionConfigurationPlatforms) = preSolution
		Debug|Any CPU = Debug|Any CPU
		Release|Any CPU = Release|Any CPU
	EndGlobalSection
	GlobalSection(ProjectConfigurationPlatforms) = postSolution
		{B0DC8047-699D-49E4-B23D-723AFD01372D}.Debug|Any CPU.ActiveCfg = Debug|Any CPU
		{B0DC8047-699D-49E4-B23D-723AFD01372D}.Debug|Any CPU.Build.0 = Debug|Any CPU
		{B0DC8047-699D-49E4-B23D-723AFD01372D}.Release|Any CPU.ActiveCfg = Release|Any CPU
		{B0DC8047-699D-49E4-B23D-723AFD01372D}.Release|Any CPU.Build.0 = Release|Any CPU
	EndGlobalSection
	GlobalSection(SolutionProperties) = preSolution
		HideSolutionNode = FALSE
	EndGlobalSection
	GlobalSection(ExtensibilityGlobals) = postSolution
		SolutionGuid = {B0CDBEF5-B144-466E-80AA-5DC7AB3F8393}
	EndGlobalSection
EndGlobal
